# This file was autogenerated by Stack.
# You should not edit this file by hand.
# For more information, please see the documentation at:
#   https://docs.haskellstack.org/en/stable/lock_files

packages:
- completed:
    hackage: discord-haskell-1.8.3@sha256:5216830fc38f505ba91cd794ca4aeb650c89269267c3fad95a34dfe51ece3a69,3562
    pantry-tree:
      size: 2107
      sha256: 3c9b61962ffe49490c19861c85da44cf0e9966f8cb1f673d39541adf7d839885
  original:
    hackage: discord-haskell-1.8.3@sha256:5216830fc38f505ba91cd794ca4aeb650c89269267c3fad95a34dfe51ece3a69,3562
- completed:
    hackage: emoji-0.1.0.2@sha256:d995572a5c7dcd28f98eb15c6e387a7b3bda1ac2477ab0d9dba8580d5d7b161f,1273
    pantry-tree:
      size: 437
      sha256: dd9ea90a631342e5db0fc21331ade4d563a685e9125d5a3989eefa8e1b96c6c6
  original:
    hackage: emoji-0.1.0.2@sha256:d995572a5c7dcd28f98eb15c6e387a7b3bda1ac2477ab0d9dba8580d5d7b161f,1273
snapshots:
- completed:
    size: 565715
    url: https://raw.githubusercontent.com/commercialhaskell/stackage-snapshots/master/lts/17/7.yaml
    sha256: 1b5e4124989399e60e7a7901f0cefd910beea546131fb07a13a7208c4cc8b7ee
  original: lts-17.7
